
Microsoft Visual Studio Solution File, Format Version 12.00
# Visual Studio Version 17
VisualStudioVersion = 17.13.35919.96
MinimumVisualStudioVersion = 10.0.40219.1
Project("{2150E333-8FDC-42A3-9474-1A3956D46DE8}") = "src", "src", "{02EA681E-C7D8-13C7-8484-4AC65E1B71E8}"
EndProject
Project("{2150E333-8FDC-42A3-9474-1A3956D46DE8}") = "Shared", "Shared", "{011C4ECA-EE0B-4613-B332-340AC484B366}"
EndProject
Project("{2150E333-8FDC-42A3-9474-1A3956D46DE8}") = "Tests", "Tests", "{C70783C4-061C-49CB-82B0-D70DE6867E79}"
EndProject
Project("{2150E333-8FDC-42A3-9474-1A3956D46DE8}") = "Services", "Services", "{490D5E56-E705-49F1-BA26-9B4AFB5DC6A2}"
EndProject
Project("{2150E333-8FDC-42A3-9474-1A3956D46DE8}") = "ReportService", "ReportService", "{FCCCFAAB-3186-47E6-9791-F0D5ADCB5FC2}"
EndProject
Project("{FAE04EC0-301F-11D3-BF4B-00C04F79EFBC}") = "ContactService.Test", "Tests\ContractService.Test\ContactService.Test.csproj", "{9D575280-D07D-4BAA-A135-9FC3948D5AF1}"
EndProject
Project("{FAE04EC0-301F-11D3-BF4B-00C04F79EFBC}") = "ReportService.Test", "Tests\ReportService.Test\ReportService.Test.csproj", "{304176ED-7474-47B8-BE5E-7C5CC3650C45}"
EndProject
Project("{FAE04EC0-301F-11D3-BF4B-00C04F79EFBC}") = "ReportService.API", "Src\Services\ReportService\ReportService.API\ReportService.API.csproj", "{CEEA5545-802A-4832-B6D2-D62C1B71C4B3}"
EndProject
Project("{FAE04EC0-301F-11D3-BF4B-00C04F79EFBC}") = "ReportService.Worker", "Src\Services\ReportService\ReportService.Worker\ReportService.Worker.csproj", "{1683AC59-1A15-4D7A-842F-42D7C3EF6C23}"
EndProject
Project("{FAE04EC0-301F-11D3-BF4B-00C04F79EFBC}") = "ReportService.Domain", "Src\Services\ReportService\ReportService.Domain\ReportService.Domain.csproj", "{3AB5CE51-65BC-459A-9F02-1FED41C86E16}"
EndProject
Project("{FAE04EC0-301F-11D3-BF4B-00C04F79EFBC}") = "ReportService.Application", "Src\Services\ReportService\ReportService.Application\ReportService.Application.csproj", "{C56CB7ED-D432-4D8D-AD16-9E0DA88EF52E}"
EndProject
Project("{FAE04EC0-301F-11D3-BF4B-00C04F79EFBC}") = "ReportService.Infrastructure", "Src\Services\ReportService\ReportService.Infrastructure\ReportService.Infrastructure.csproj", "{D83D33D3-80EB-4CA4-8D1D-6C4A9A9C0A0C}"
EndProject
Project("{FAE04EC0-301F-11D3-BF4B-00C04F79EFBC}") = "Shared.Events", "Shared\Shared.Events\Shared.Events.csproj", "{9341EEF7-96CD-4D3C-87FC-7DAC8F9D44BB}"
EndProject
Project("{FAE04EC0-301F-11D3-BF4B-00C04F79EFBC}") = "Shared.BaseResponses", "Shared\Shared.BaseResponses\Shared.BaseResponses.csproj", "{D95B51D0-5AE7-4617-B557-6556B8A8BD29}"
EndProject
Project("{2150E333-8FDC-42A3-9474-1A3956D46DE8}") = "ContactService", "ContactService", "{F1F5FD38-56AE-448C-9682-C8D53266D93D}"
EndProject
Project("{FAE04EC0-301F-11D3-BF4B-00C04F79EFBC}") = "ContactService.API", "Src\Services\ContactService\ContactService.API\ContactService.API.csproj", "{EBD8282E-3385-4F36-93AB-1E950B05BE83}"
EndProject
Project("{FAE04EC0-301F-11D3-BF4B-00C04F79EFBC}") = "ContactService.Domain", "Src\Services\ContactService\ContactService.Domain\ContactService.Domain.csproj", "{8D1C3B98-151D-4BF3-A3E8-10789D63900E}"
EndProject
Project("{FAE04EC0-301F-11D3-BF4B-00C04F79EFBC}") = "ContactService.Application", "Src\Services\ContactService\ContactService.Application\ContactService.Application.csproj", "{ABB2E60A-9D20-466A-A8FB-BECB81482AE7}"
EndProject
Project("{FAE04EC0-301F-11D3-BF4B-00C04F79EFBC}") = "ContactService.Infrastructure", "Src\Services\ContactService\ContactService.Infrastructure\ContactService.Infrastructure.csproj", "{93DFA764-5743-4C51-89A8-F67FBB500199}"
EndProject
Project("{2150E333-8FDC-42A3-9474-1A3956D46DE8}") = "Solution Items", "Solution Items", "{8EC462FD-D22E-90A8-E5CE-7E832BA40C5D}"
	ProjectSection(SolutionItems) = preProject
		docker-compose.yml = docker-compose.yml
	EndProjectSection
EndProject
Global
	GlobalSection(SolutionConfigurationPlatforms) = preSolution
		Debug|Any CPU = Debug|Any CPU
		Release|Any CPU = Release|Any CPU
	EndGlobalSection
	GlobalSection(ProjectConfigurationPlatforms) = postSolution
		{9D575280-D07D-4BAA-A135-9FC3948D5AF1}.Debug|Any CPU.ActiveCfg = Debug|Any CPU
		{9D575280-D07D-4BAA-A135-9FC3948D5AF1}.Debug|Any CPU.Build.0 = Debug|Any CPU
		{9D575280-D07D-4BAA-A135-9FC3948D5AF1}.Release|Any CPU.ActiveCfg = Release|Any CPU
		{9D575280-D07D-4BAA-A135-9FC3948D5AF1}.Release|Any CPU.Build.0 = Release|Any CPU
		{304176ED-7474-47B8-BE5E-7C5CC3650C45}.Debug|Any CPU.ActiveCfg = Debug|Any CPU
		{304176ED-7474-47B8-BE5E-7C5CC3650C45}.Debug|Any CPU.Build.0 = Debug|Any CPU
		{304176ED-7474-47B8-BE5E-7C5CC3650C45}.Release|Any CPU.ActiveCfg = Release|Any CPU
		{304176ED-7474-47B8-BE5E-7C5CC3650C45}.Release|Any CPU.Build.0 = Release|Any CPU
		{CEEA5545-802A-4832-B6D2-D62C1B71C4B3}.Debug|Any CPU.ActiveCfg = Debug|Any CPU
		{CEEA5545-802A-4832-B6D2-D62C1B71C4B3}.Debug|Any CPU.Build.0 = Debug|Any CPU
		{CEEA5545-802A-4832-B6D2-D62C1B71C4B3}.Release|Any CPU.ActiveCfg = Release|Any CPU
		{CEEA5545-802A-4832-B6D2-D62C1B71C4B3}.Release|Any CPU.Build.0 = Release|Any CPU
		{1683AC59-1A15-4D7A-842F-42D7C3EF6C23}.Debug|Any CPU.ActiveCfg = Debug|Any CPU
		{1683AC59-1A15-4D7A-842F-42D7C3EF6C23}.Debug|Any CPU.Build.0 = Debug|Any CPU
		{1683AC59-1A15-4D7A-842F-42D7C3EF6C23}.Release|Any CPU.ActiveCfg = Release|Any CPU
		{1683AC59-1A15-4D7A-842F-42D7C3EF6C23}.Release|Any CPU.Build.0 = Release|Any CPU
		{3AB5CE51-65BC-459A-9F02-1FED41C86E16}.Debug|Any CPU.ActiveCfg = Debug|Any CPU
		{3AB5CE51-65BC-459A-9F02-1FED41C86E16}.Debug|Any CPU.Build.0 = Debug|Any CPU
		{3AB5CE51-65BC-459A-9F02-1FED41C86E16}.Release|Any CPU.ActiveCfg = Release|Any CPU
		{3AB5CE51-65BC-459A-9F02-1FED41C86E16}.Release|Any CPU.Build.0 = Release|Any CPU
		{C56CB7ED-D432-4D8D-AD16-9E0DA88EF52E}.Debug|Any CPU.ActiveCfg = Debug|Any CPU
		{C56CB7ED-D432-4D8D-AD16-9E0DA88EF52E}.Debug|Any CPU.Build.0 = Debug|Any CPU
		{C56CB7ED-D432-4D8D-AD16-9E0DA88EF52E}.Release|Any CPU.ActiveCfg = Release|Any CPU
		{C56CB7ED-D432-4D8D-AD16-9E0DA88EF52E}.Release|Any CPU.Build.0 = Release|Any CPU
		{D83D33D3-80EB-4CA4-8D1D-6C4A9A9C0A0C}.Debug|Any CPU.ActiveCfg = Debug|Any CPU
		{D83D33D3-80EB-4CA4-8D1D-6C4A9A9C0A0C}.Debug|Any CPU.Build.0 = Debug|Any CPU
		{D83D33D3-80EB-4CA4-8D1D-6C4A9A9C0A0C}.Release|Any CPU.ActiveCfg = Release|Any CPU
		{D83D33D3-80EB-4CA4-8D1D-6C4A9A9C0A0C}.Release|Any CPU.Build.0 = Release|Any CPU
		{9341EEF7-96CD-4D3C-87FC-7DAC8F9D44BB}.Debug|Any CPU.ActiveCfg = Debug|Any CPU
		{9341EEF7-96CD-4D3C-87FC-7DAC8F9D44BB}.Debug|Any CPU.Build.0 = Debug|Any CPU
		{9341EEF7-96CD-4D3C-87FC-7DAC8F9D44BB}.Release|Any CPU.ActiveCfg = Release|Any CPU
		{9341EEF7-96CD-4D3C-87FC-7DAC8F9D44BB}.Release|Any CPU.Build.0 = Release|Any CPU
		{D95B51D0-5AE7-4617-B557-6556B8A8BD29}.Debug|Any CPU.ActiveCfg = Debug|Any CPU
		{D95B51D0-5AE7-4617-B557-6556B8A8BD29}.Debug|Any CPU.Build.0 = Debug|Any CPU
		{D95B51D0-5AE7-4617-B557-6556B8A8BD29}.Release|Any CPU.ActiveCfg = Release|Any CPU
		{D95B51D0-5AE7-4617-B557-6556B8A8BD29}.Release|Any CPU.Build.0 = Release|Any CPU
		{EBD8282E-3385-4F36-93AB-1E950B05BE83}.Debug|Any CPU.ActiveCfg = Debug|Any CPU
		{EBD8282E-3385-4F36-93AB-1E950B05BE83}.Debug|Any CPU.Build.0 = Debug|Any CPU
		{EBD8282E-3385-4F36-93AB-1E950B05BE83}.Release|Any CPU.ActiveCfg = Release|Any CPU
		{EBD8282E-3385-4F36-93AB-1E950B05BE83}.Release|Any CPU.Build.0 = Release|Any CPU
		{8D1C3B98-151D-4BF3-A3E8-10789D63900E}.Debug|Any CPU.ActiveCfg = Debug|Any CPU
		{8D1C3B98-151D-4BF3-A3E8-10789D63900E}.Debug|Any CPU.Build.0 = Debug|Any CPU
		{8D1C3B98-151D-4BF3-A3E8-10789D63900E}.Release|Any CPU.ActiveCfg = Release|Any CPU
		{8D1C3B98-151D-4BF3-A3E8-10789D63900E}.Release|Any CPU.Build.0 = Release|Any CPU
		{ABB2E60A-9D20-466A-A8FB-BECB81482AE7}.Debug|Any CPU.ActiveCfg = Debug|Any CPU
		{ABB2E60A-9D20-466A-A8FB-BECB81482AE7}.Debug|Any CPU.Build.0 = Debug|Any CPU
		{ABB2E60A-9D20-466A-A8FB-BECB81482AE7}.Release|Any CPU.ActiveCfg = Release|Any CPU
		{ABB2E60A-9D20-466A-A8FB-BECB81482AE7}.Release|Any CPU.Build.0 = Release|Any CPU
		{93DFA764-5743-4C51-89A8-F67FBB500199}.Debug|Any CPU.ActiveCfg = Debug|Any CPU
		{93DFA764-5743-4C51-89A8-F67FBB500199}.Debug|Any CPU.Build.0 = Debug|Any CPU
		{93DFA764-5743-4C51-89A8-F67FBB500199}.Release|Any CPU.ActiveCfg = Release|Any CPU
		{93DFA764-5743-4C51-89A8-F67FBB500199}.Release|Any CPU.Build.0 = Release|Any CPU
	EndGlobalSection
	GlobalSection(SolutionProperties) = preSolution
		HideSolutionNode = FALSE
	EndGlobalSection
	GlobalSection(NestedProjects) = preSolution
		{490D5E56-E705-49F1-BA26-9B4AFB5DC6A2} = {02EA681E-C7D8-13C7-8484-4AC65E1B71E8}
		{FCCCFAAB-3186-47E6-9791-F0D5ADCB5FC2} = {490D5E56-E705-49F1-BA26-9B4AFB5DC6A2}
		{9D575280-D07D-4BAA-A135-9FC3948D5AF1} = {C70783C4-061C-49CB-82B0-D70DE6867E79}
		{304176ED-7474-47B8-BE5E-7C5CC3650C45} = {C70783C4-061C-49CB-82B0-D70DE6867E79}
		{CEEA5545-802A-4832-B6D2-D62C1B71C4B3} = {FCCCFAAB-3186-47E6-9791-F0D5ADCB5FC2}
		{1683AC59-1A15-4D7A-842F-42D7C3EF6C23} = {FCCCFAAB-3186-47E6-9791-F0D5ADCB5FC2}
		{3AB5CE51-65BC-459A-9F02-1FED41C86E16} = {FCCCFAAB-3186-47E6-9791-F0D5ADCB5FC2}
		{C56CB7ED-D432-4D8D-AD16-9E0DA88EF52E} = {FCCCFAAB-3186-47E6-9791-F0D5ADCB5FC2}
		{D83D33D3-80EB-4CA4-8D1D-6C4A9A9C0A0C} = {FCCCFAAB-3186-47E6-9791-F0D5ADCB5FC2}
		{9341EEF7-96CD-4D3C-87FC-7DAC8F9D44BB} = {011C4ECA-EE0B-4613-B332-340AC484B366}
		{D95B51D0-5AE7-4617-B557-6556B8A8BD29} = {011C4ECA-EE0B-4613-B332-340AC484B366}
		{F1F5FD38-56AE-448C-9682-C8D53266D93D} = {490D5E56-E705-49F1-BA26-9B4AFB5DC6A2}
		{EBD8282E-3385-4F36-93AB-1E950B05BE83} = {F1F5FD38-56AE-448C-9682-C8D53266D93D}
		{8D1C3B98-151D-4BF3-A3E8-10789D63900E} = {F1F5FD38-56AE-448C-9682-C8D53266D93D}
		{ABB2E60A-9D20-466A-A8FB-BECB81482AE7} = {F1F5FD38-56AE-448C-9682-C8D53266D93D}
		{93DFA764-5743-4C51-89A8-F67FBB500199} = {F1F5FD38-56AE-448C-9682-C8D53266D93D}
	EndGlobalSection
	GlobalSection(ExtensibilityGlobals) = postSolution
		SolutionGuid = {EEFCF58B-CB65-48C3-906C-E99A8EAD1329}
	EndGlobalSection
EndGlobal
