
Microsoft Visual Studio Solution File, Format Version 12.00
# Visual Studio Version 17
VisualStudioVersion = 17.13.35919.96
MinimumVisualStudioVersion = 10.0.40219.1
Project("{2150E333-8FDC-42A3-9474-1A3956D46DE8}") = "src", "src", "{02EA681E-C7D8-13C7-8484-4AC65E1B71E8}"
EndProject
Project("{2150E333-8FDC-42A3-9474-1A3956D46DE8}") = "Shared", "Shared", "{011C4ECA-EE0B-4613-B332-340AC484B366}"
EndProject
Project("{2150E333-8FDC-42A3-9474-1A3956D46DE8}") = "Tests", "Tests", "{C70783C4-061C-49CB-82B0-D70DE6867E79}"
EndProject
Project("{2150E333-8FDC-42A3-9474-1A3956D46DE8}") = "Services", "Services", "{490D5E56-E705-49F1-BA26-9B4AFB5DC6A2}"
EndProject
Project("{2150E333-8FDC-42A3-9474-1A3956D46DE8}") = "ContractService", "ContractService", "{CA6BA740-113D-4671-AC3B-D4E7BFF9D3DA}"
EndProject
Project("{FAE04EC0-301F-11D3-BF4B-00C04F79EFBC}") = "ContractService.Application", "Src\Services\ContractService\ContractService.Application\ContractService.Application.csproj", "{3407EDD0-62A1-4A5F-9A5D-B7CCEA024227}"
EndProject
Project("{FAE04EC0-301F-11D3-BF4B-00C04F79EFBC}") = "ContractService.Domain", "Src\Services\ContractService\ContractService.Domain\ContractService.Domain.csproj", "{708D73AE-C463-4C88-956D-8160E80D32C3}"
EndProject
Project("{FAE04EC0-301F-11D3-BF4B-00C04F79EFBC}") = "ContractService.Infrastructure", "Src\Services\ContractService\ContractService.Infrastructure\ContractService.Infrastructure.csproj", "{DE9149D3-A20A-479F-8F62-BCF0ED14DBA0}"
EndProject
Project("{FAE04EC0-301F-11D3-BF4B-00C04F79EFBC}") = "ContractService.API", "Src\Services\ContractService\ContractService.API\ContractService.API.csproj", "{28FE1C2F-A256-468D-9164-775F738E15CA}"
EndProject
Project("{FAE04EC0-301F-11D3-BF4B-00C04F79EFBC}") = "ContractService.Worker", "Src\Services\ContractService\ContractService.Worker\ContractService.Worker.csproj", "{5B4B1B54-A35C-4E1D-962A-E23E5DB1C29A}"
EndProject
Project("{2150E333-8FDC-42A3-9474-1A3956D46DE8}") = "ReportService", "ReportService", "{FCCCFAAB-3186-47E6-9791-F0D5ADCB5FC2}"
EndProject
Project("{FAE04EC0-301F-11D3-BF4B-00C04F79EFBC}") = "ContractService.Test", "Tests\ContractService.Test\ContractService.Test.csproj", "{9D575280-D07D-4BAA-A135-9FC3948D5AF1}"
EndProject
Project("{FAE04EC0-301F-11D3-BF4B-00C04F79EFBC}") = "ReportService.Test", "Tests\ReportService.Test\ReportService.Test.csproj", "{304176ED-7474-47B8-BE5E-7C5CC3650C45}"
EndProject
Project("{FAE04EC0-301F-11D3-BF4B-00C04F79EFBC}") = "ReportService.API", "Src\Services\ReportService\ReportService.API\ReportService.API.csproj", "{CEEA5545-802A-4832-B6D2-D62C1B71C4B3}"
EndProject
Project("{FAE04EC0-301F-11D3-BF4B-00C04F79EFBC}") = "ReportService.Worker", "Src\Services\ReportService\ReportService.Worker\ReportService.Worker.csproj", "{1683AC59-1A15-4D7A-842F-42D7C3EF6C23}"
EndProject
Project("{FAE04EC0-301F-11D3-BF4B-00C04F79EFBC}") = "ReportService.Domain", "Src\Services\ReportService\ReportService.Domain\ReportService.Domain.csproj", "{3AB5CE51-65BC-459A-9F02-1FED41C86E16}"
EndProject
Project("{FAE04EC0-301F-11D3-BF4B-00C04F79EFBC}") = "ReportService.Application", "Src\Services\ReportService\ReportService.Application\ReportService.Application.csproj", "{C56CB7ED-D432-4D8D-AD16-9E0DA88EF52E}"
EndProject
Project("{FAE04EC0-301F-11D3-BF4B-00C04F79EFBC}") = "ReportService.Infrastructure", "Src\Services\ReportService\ReportService.Infrastructure\ReportService.Infrastructure.csproj", "{D83D33D3-80EB-4CA4-8D1D-6C4A9A9C0A0C}"
EndProject
Project("{FAE04EC0-301F-11D3-BF4B-00C04F79EFBC}") = "Shared.Events", "Shared\Shared.Events\Shared.Events.csproj", "{9341EEF7-96CD-4D3C-87FC-7DAC8F9D44BB}"
EndProject
Project("{FAE04EC0-301F-11D3-BF4B-00C04F79EFBC}") = "Shared.BaseResponses", "Shared\Shared.BaseResponses\Shared.BaseResponses.csproj", "{D95B51D0-5AE7-4617-B557-6556B8A8BD29}"
EndProject
Global
	GlobalSection(SolutionConfigurationPlatforms) = preSolution
		Debug|Any CPU = Debug|Any CPU
		Release|Any CPU = Release|Any CPU
	EndGlobalSection
	GlobalSection(ProjectConfigurationPlatforms) = postSolution
		{3407EDD0-62A1-4A5F-9A5D-B7CCEA024227}.Debug|Any CPU.ActiveCfg = Debug|Any CPU
		{3407EDD0-62A1-4A5F-9A5D-B7CCEA024227}.Debug|Any CPU.Build.0 = Debug|Any CPU
		{3407EDD0-62A1-4A5F-9A5D-B7CCEA024227}.Release|Any CPU.ActiveCfg = Release|Any CPU
		{3407EDD0-62A1-4A5F-9A5D-B7CCEA024227}.Release|Any CPU.Build.0 = Release|Any CPU
		{708D73AE-C463-4C88-956D-8160E80D32C3}.Debug|Any CPU.ActiveCfg = Debug|Any CPU
		{708D73AE-C463-4C88-956D-8160E80D32C3}.Debug|Any CPU.Build.0 = Debug|Any CPU
		{708D73AE-C463-4C88-956D-8160E80D32C3}.Release|Any CPU.ActiveCfg = Release|Any CPU
		{708D73AE-C463-4C88-956D-8160E80D32C3}.Release|Any CPU.Build.0 = Release|Any CPU
		{DE9149D3-A20A-479F-8F62-BCF0ED14DBA0}.Debug|Any CPU.ActiveCfg = Debug|Any CPU
		{DE9149D3-A20A-479F-8F62-BCF0ED14DBA0}.Debug|Any CPU.Build.0 = Debug|Any CPU
		{DE9149D3-A20A-479F-8F62-BCF0ED14DBA0}.Release|Any CPU.ActiveCfg = Release|Any CPU
		{DE9149D3-A20A-479F-8F62-BCF0ED14DBA0}.Release|Any CPU.Build.0 = Release|Any CPU
		{28FE1C2F-A256-468D-9164-775F738E15CA}.Debug|Any CPU.ActiveCfg = Debug|Any CPU
		{28FE1C2F-A256-468D-9164-775F738E15CA}.Debug|Any CPU.Build.0 = Debug|Any CPU
		{28FE1C2F-A256-468D-9164-775F738E15CA}.Release|Any CPU.ActiveCfg = Release|Any CPU
		{28FE1C2F-A256-468D-9164-775F738E15CA}.Release|Any CPU.Build.0 = Release|Any CPU
		{5B4B1B54-A35C-4E1D-962A-E23E5DB1C29A}.Debug|Any CPU.ActiveCfg = Debug|Any CPU
		{5B4B1B54-A35C-4E1D-962A-E23E5DB1C29A}.Debug|Any CPU.Build.0 = Debug|Any CPU
		{5B4B1B54-A35C-4E1D-962A-E23E5DB1C29A}.Release|Any CPU.ActiveCfg = Release|Any CPU
		{5B4B1B54-A35C-4E1D-962A-E23E5DB1C29A}.Release|Any CPU.Build.0 = Release|Any CPU
		{9D575280-D07D-4BAA-A135-9FC3948D5AF1}.Debug|Any CPU.ActiveCfg = Debug|Any CPU
		{9D575280-D07D-4BAA-A135-9FC3948D5AF1}.Debug|Any CPU.Build.0 = Debug|Any CPU
		{9D575280-D07D-4BAA-A135-9FC3948D5AF1}.Release|Any CPU.ActiveCfg = Release|Any CPU
		{9D575280-D07D-4BAA-A135-9FC3948D5AF1}.Release|Any CPU.Build.0 = Release|Any CPU
		{304176ED-7474-47B8-BE5E-7C5CC3650C45}.Debug|Any CPU.ActiveCfg = Debug|Any CPU
		{304176ED-7474-47B8-BE5E-7C5CC3650C45}.Debug|Any CPU.Build.0 = Debug|Any CPU
		{304176ED-7474-47B8-BE5E-7C5CC3650C45}.Release|Any CPU.ActiveCfg = Release|Any CPU
		{304176ED-7474-47B8-BE5E-7C5CC3650C45}.Release|Any CPU.Build.0 = Release|Any CPU
		{CEEA5545-802A-4832-B6D2-D62C1B71C4B3}.Debug|Any CPU.ActiveCfg = Debug|Any CPU
		{CEEA5545-802A-4832-B6D2-D62C1B71C4B3}.Debug|Any CPU.Build.0 = Debug|Any CPU
		{CEEA5545-802A-4832-B6D2-D62C1B71C4B3}.Release|Any CPU.ActiveCfg = Release|Any CPU
		{CEEA5545-802A-4832-B6D2-D62C1B71C4B3}.Release|Any CPU.Build.0 = Release|Any CPU
		{1683AC59-1A15-4D7A-842F-42D7C3EF6C23}.Debug|Any CPU.ActiveCfg = Debug|Any CPU
		{1683AC59-1A15-4D7A-842F-42D7C3EF6C23}.Debug|Any CPU.Build.0 = Debug|Any CPU
		{1683AC59-1A15-4D7A-842F-42D7C3EF6C23}.Release|Any CPU.ActiveCfg = Release|Any CPU
		{1683AC59-1A15-4D7A-842F-42D7C3EF6C23}.Release|Any CPU.Build.0 = Release|Any CPU
		{3AB5CE51-65BC-459A-9F02-1FED41C86E16}.Debug|Any CPU.ActiveCfg = Debug|Any CPU
		{3AB5CE51-65BC-459A-9F02-1FED41C86E16}.Debug|Any CPU.Build.0 = Debug|Any CPU
		{3AB5CE51-65BC-459A-9F02-1FED41C86E16}.Release|Any CPU.ActiveCfg = Release|Any CPU
		{3AB5CE51-65BC-459A-9F02-1FED41C86E16}.Release|Any CPU.Build.0 = Release|Any CPU
		{C56CB7ED-D432-4D8D-AD16-9E0DA88EF52E}.Debug|Any CPU.ActiveCfg = Debug|Any CPU
		{C56CB7ED-D432-4D8D-AD16-9E0DA88EF52E}.Debug|Any CPU.Build.0 = Debug|Any CPU
		{C56CB7ED-D432-4D8D-AD16-9E0DA88EF52E}.Release|Any CPU.ActiveCfg = Release|Any CPU
		{C56CB7ED-D432-4D8D-AD16-9E0DA88EF52E}.Release|Any CPU.Build.0 = Release|Any CPU
		{D83D33D3-80EB-4CA4-8D1D-6C4A9A9C0A0C}.Debug|Any CPU.ActiveCfg = Debug|Any CPU
		{D83D33D3-80EB-4CA4-8D1D-6C4A9A9C0A0C}.Debug|Any CPU.Build.0 = Debug|Any CPU
		{D83D33D3-80EB-4CA4-8D1D-6C4A9A9C0A0C}.Release|Any CPU.ActiveCfg = Release|Any CPU
		{D83D33D3-80EB-4CA4-8D1D-6C4A9A9C0A0C}.Release|Any CPU.Build.0 = Release|Any CPU
		{9341EEF7-96CD-4D3C-87FC-7DAC8F9D44BB}.Debug|Any CPU.ActiveCfg = Debug|Any CPU
		{9341EEF7-96CD-4D3C-87FC-7DAC8F9D44BB}.Debug|Any CPU.Build.0 = Debug|Any CPU
		{9341EEF7-96CD-4D3C-87FC-7DAC8F9D44BB}.Release|Any CPU.ActiveCfg = Release|Any CPU
		{9341EEF7-96CD-4D3C-87FC-7DAC8F9D44BB}.Release|Any CPU.Build.0 = Release|Any CPU
		{D95B51D0-5AE7-4617-B557-6556B8A8BD29}.Debug|Any CPU.ActiveCfg = Debug|Any CPU
		{D95B51D0-5AE7-4617-B557-6556B8A8BD29}.Debug|Any CPU.Build.0 = Debug|Any CPU
		{D95B51D0-5AE7-4617-B557-6556B8A8BD29}.Release|Any CPU.ActiveCfg = Release|Any CPU
		{D95B51D0-5AE7-4617-B557-6556B8A8BD29}.Release|Any CPU.Build.0 = Release|Any CPU
	EndGlobalSection
	GlobalSection(SolutionProperties) = preSolution
		HideSolutionNode = FALSE
	EndGlobalSection
	GlobalSection(NestedProjects) = preSolution
		{490D5E56-E705-49F1-BA26-9B4AFB5DC6A2} = {02EA681E-C7D8-13C7-8484-4AC65E1B71E8}
		{CA6BA740-113D-4671-AC3B-D4E7BFF9D3DA} = {490D5E56-E705-49F1-BA26-9B4AFB5DC6A2}
		{3407EDD0-62A1-4A5F-9A5D-B7CCEA024227} = {CA6BA740-113D-4671-AC3B-D4E7BFF9D3DA}
		{708D73AE-C463-4C88-956D-8160E80D32C3} = {CA6BA740-113D-4671-AC3B-D4E7BFF9D3DA}
		{DE9149D3-A20A-479F-8F62-BCF0ED14DBA0} = {CA6BA740-113D-4671-AC3B-D4E7BFF9D3DA}
		{28FE1C2F-A256-468D-9164-775F738E15CA} = {CA6BA740-113D-4671-AC3B-D4E7BFF9D3DA}
		{5B4B1B54-A35C-4E1D-962A-E23E5DB1C29A} = {CA6BA740-113D-4671-AC3B-D4E7BFF9D3DA}
		{FCCCFAAB-3186-47E6-9791-F0D5ADCB5FC2} = {490D5E56-E705-49F1-BA26-9B4AFB5DC6A2}
		{9D575280-D07D-4BAA-A135-9FC3948D5AF1} = {C70783C4-061C-49CB-82B0-D70DE6867E79}
		{304176ED-7474-47B8-BE5E-7C5CC3650C45} = {C70783C4-061C-49CB-82B0-D70DE6867E79}
		{CEEA5545-802A-4832-B6D2-D62C1B71C4B3} = {FCCCFAAB-3186-47E6-9791-F0D5ADCB5FC2}
		{1683AC59-1A15-4D7A-842F-42D7C3EF6C23} = {FCCCFAAB-3186-47E6-9791-F0D5ADCB5FC2}
		{3AB5CE51-65BC-459A-9F02-1FED41C86E16} = {FCCCFAAB-3186-47E6-9791-F0D5ADCB5FC2}
		{C56CB7ED-D432-4D8D-AD16-9E0DA88EF52E} = {FCCCFAAB-3186-47E6-9791-F0D5ADCB5FC2}
		{D83D33D3-80EB-4CA4-8D1D-6C4A9A9C0A0C} = {FCCCFAAB-3186-47E6-9791-F0D5ADCB5FC2}
		{9341EEF7-96CD-4D3C-87FC-7DAC8F9D44BB} = {011C4ECA-EE0B-4613-B332-340AC484B366}
		{D95B51D0-5AE7-4617-B557-6556B8A8BD29} = {011C4ECA-EE0B-4613-B332-340AC484B366}
	EndGlobalSection
	GlobalSection(ExtensibilityGlobals) = postSolution
		SolutionGuid = {EEFCF58B-CB65-48C3-906C-E99A8EAD1329}
	EndGlobalSection
EndGlobal
